{
  "originHash" : "a37c62ae1769b380bcfdc04856113d5a6089960605c9f499408546cde9a0005a",
  "pins" : [
    {
      "identity" : "microsoft-authentication-library-for-objc",
      "kind" : "remoteSourceControl",
      "location" : "https://github.com/AzureAD/microsoft-authentication-library-for-objc.git",
      "state" : {
        "revision" : "be848ee7fa9516cec47ae6de47cf1087d51bc774",
        "version" : "1.9.0"
      }
    }
  ],
  "version" : 3
}
